
Microsoft Visual Studio Solution File, Format Version 12.00
# Visual Studio 2013
VisualStudioVersion = 12.0.31101.0
MinimumVisualStudioVersion = 10.0.40219.1
Project("{FAE04EC0-301F-11D3-BF4B-00C04F79EFBC}") = "MABMoney.Web", "MABMoney.Web\MABMoney.Web.csproj", "{49F5238D-70A2-4C03-B92A-8FAF4398BA52}"
	ProjectSection(ProjectDependencies) = postProject
		{36557506-E58B-49C3-9CC5-31C1336DBA3A} = {36557506-E58B-49C3-9CC5-31C1336DBA3A}
	EndProjectSection
EndProject
Project("{FAE04EC0-301F-11D3-BF4B-00C04F79EFBC}") = "MABMoney.Data", "MABMoney.Data\MABMoney.Data.csproj", "{5474C8B1-BD06-4749-AA7D-1D3053D42F91}"
EndProject
Project("{FAE04EC0-301F-11D3-BF4B-00C04F79EFBC}") = "MABMoney.Services", "MABMoney.Services\MABMoney.Services.csproj", "{ED8B4EEF-38A1-4847-93D9-4FFA83038E0E}"
EndProject
Project("{FAE04EC0-301F-11D3-BF4B-00C04F79EFBC}") = "MABMoney.Domain", "MABMoney.Domain\MABMoney.Domain.csproj", "{7D408CE3-980C-4BC3-986F-436B9B44F10C}"
EndProject
Project("{2150E333-8FDC-42A3-9474-1A3956D46DE8}") = ".nuget", ".nuget", "{74844706-2EAA-4B96-A8D5-CBF5AA6799E9}"
	ProjectSection(SolutionItems) = preProject
		.nuget\packages.config = .nuget\packages.config
	EndProjectSection
EndProject
Project("{FAE04EC0-301F-11D3-BF4B-00C04F79EFBC}") = "MABMoney.Caching", "MABMoney.Caching\MABMoney.Caching.csproj", "{36557506-E58B-49C3-9CC5-31C1336DBA3A}"
EndProject
Project("{FAE04EC0-301F-11D3-BF4B-00C04F79EFBC}") = "MABMoney.Test", "MABMoney.Test\MABMoney.Test.csproj", "{6CA9A284-0A6A-4764-81EA-830B5BFFA2F8}"
EndProject
Global
	GlobalSection(SolutionConfigurationPlatforms) = preSolution
		Debug|Any CPU = Debug|Any CPU
		Release|Any CPU = Release|Any CPU
		Test|Any CPU = Test|Any CPU
	EndGlobalSection
	GlobalSection(ProjectConfigurationPlatforms) = postSolution
		{49F5238D-70A2-4C03-B92A-8FAF4398BA52}.Debug|Any CPU.ActiveCfg = Debug|Any CPU
		{49F5238D-70A2-4C03-B92A-8FAF4398BA52}.Debug|Any CPU.Build.0 = Debug|Any CPU
		{49F5238D-70A2-4C03-B92A-8FAF4398BA52}.Release|Any CPU.ActiveCfg = Release|Any CPU
		{49F5238D-70A2-4C03-B92A-8FAF4398BA52}.Release|Any CPU.Build.0 = Release|Any CPU
		{49F5238D-70A2-4C03-B92A-8FAF4398BA52}.Test|Any CPU.ActiveCfg = Debug|Any CPU
		{5474C8B1-BD06-4749-AA7D-1D3053D42F91}.Debug|Any CPU.ActiveCfg = Debug|Any CPU
		{5474C8B1-BD06-4749-AA7D-1D3053D42F91}.Debug|Any CPU.Build.0 = Debug|Any CPU
		{5474C8B1-BD06-4749-AA7D-1D3053D42F91}.Release|Any CPU.ActiveCfg = Release|Any CPU
		{5474C8B1-BD06-4749-AA7D-1D3053D42F91}.Release|Any CPU.Build.0 = Release|Any CPU
		{5474C8B1-BD06-4749-AA7D-1D3053D42F91}.Test|Any CPU.ActiveCfg = Debug|Any CPU
		{5474C8B1-BD06-4749-AA7D-1D3053D42F91}.Test|Any CPU.Build.0 = Debug|Any CPU
		{ED8B4EEF-38A1-4847-93D9-4FFA83038E0E}.Debug|Any CPU.ActiveCfg = Debug|Any CPU
		{ED8B4EEF-38A1-4847-93D9-4FFA83038E0E}.Debug|Any CPU.Build.0 = Debug|Any CPU
		{ED8B4EEF-38A1-4847-93D9-4FFA83038E0E}.Release|Any CPU.ActiveCfg = Release|Any CPU
		{ED8B4EEF-38A1-4847-93D9-4FFA83038E0E}.Release|Any CPU.Build.0 = Release|Any CPU
		{ED8B4EEF-38A1-4847-93D9-4FFA83038E0E}.Test|Any CPU.ActiveCfg = Debug|Any CPU
		{ED8B4EEF-38A1-4847-93D9-4FFA83038E0E}.Test|Any CPU.Build.0 = Debug|Any CPU
		{7D408CE3-980C-4BC3-986F-436B9B44F10C}.Debug|Any CPU.ActiveCfg = Debug|Any CPU
		{7D408CE3-980C-4BC3-986F-436B9B44F10C}.Debug|Any CPU.Build.0 = Debug|Any CPU
		{7D408CE3-980C-4BC3-986F-436B9B44F10C}.Release|Any CPU.ActiveCfg = Release|Any CPU
		{7D408CE3-980C-4BC3-986F-436B9B44F10C}.Release|Any CPU.Build.0 = Release|Any CPU
		{7D408CE3-980C-4BC3-986F-436B9B44F10C}.Test|Any CPU.ActiveCfg = Debug|Any CPU
		{7D408CE3-980C-4BC3-986F-436B9B44F10C}.Test|Any CPU.Build.0 = Debug|Any CPU
		{36557506-E58B-49C3-9CC5-31C1336DBA3A}.Debug|Any CPU.ActiveCfg = Debug|Any CPU
		{36557506-E58B-49C3-9CC5-31C1336DBA3A}.Debug|Any CPU.Build.0 = Debug|Any CPU
		{36557506-E58B-49C3-9CC5-31C1336DBA3A}.Release|Any CPU.ActiveCfg = Release|Any CPU
		{36557506-E58B-49C3-9CC5-31C1336DBA3A}.Release|Any CPU.Build.0 = Release|Any CPU
		{36557506-E58B-49C3-9CC5-31C1336DBA3A}.Test|Any CPU.ActiveCfg = Debug|Any CPU
		{6CA9A284-0A6A-4764-81EA-830B5BFFA2F8}.Debug|Any CPU.ActiveCfg = Debug|Any CPU
		{6CA9A284-0A6A-4764-81EA-830B5BFFA2F8}.Debug|Any CPU.Build.0 = Debug|Any CPU
		{6CA9A284-0A6A-4764-81EA-830B5BFFA2F8}.Release|Any CPU.ActiveCfg = Release|Any CPU
		{6CA9A284-0A6A-4764-81EA-830B5BFFA2F8}.Release|Any CPU.Build.0 = Release|Any CPU
		{6CA9A284-0A6A-4764-81EA-830B5BFFA2F8}.Test|Any CPU.ActiveCfg = Debug|Any CPU
		{6CA9A284-0A6A-4764-81EA-830B5BFFA2F8}.Test|Any CPU.Build.0 = Debug|Any CPU
	EndGlobalSection
	GlobalSection(SolutionProperties) = preSolution
		HideSolutionNode = FALSE
	EndGlobalSection
	GlobalSection(ExtensibilityGlobals) = postSolution
		EnterpriseLibraryConfigurationToolBinariesPath = packages\Unity.2.1.505.2\lib\NET35
	EndGlobalSection
EndGlobal
